
Microsoft Visual Studio Solution File, Format Version 12.00
# Visual Studio Version 17
VisualStudioVersion = 17.0.32126.317
MinimumVisualStudioVersion = 10.0.40219.1
Project("{FAE04EC0-301F-11D3-BF4B-00C04F79EFBC}") = "TypesAndVariables", "TypesAndVariables\TypesAndVariables.csproj", "{571B42D5-F890-4632-9421-66F6C5A6B6BB}"
EndProject
Project("{FAE04EC0-301F-11D3-BF4B-00C04F79EFBC}") = "Conditionals2", "Conditionals2\Conditionals2.csproj", "{ED84C96D-3DC4-41BF-8D1B-647A9998ADD9}"
EndProject
Project("{FAE04EC0-301F-11D3-BF4B-00C04F79EFBC}") = "Methods", "Methods\Methods.csproj", "{5CA46839-EC7A-4DAF-8568-B3667B116067}"
EndProject
Global
	GlobalSection(SolutionConfigurationPlatforms) = preSolution
		Debug|Any CPU = Debug|Any CPU
		Release|Any CPU = Release|Any CPU
	EndGlobalSection
	GlobalSection(ProjectConfigurationPlatforms) = postSolution
		{571B42D5-F890-4632-9421-66F6C5A6B6BB}.Debug|Any CPU.ActiveCfg = Debug|Any CPU
		{571B42D5-F890-4632-9421-66F6C5A6B6BB}.Debug|Any CPU.Build.0 = Debug|Any CPU
		{571B42D5-F890-4632-9421-66F6C5A6B6BB}.Release|Any CPU.ActiveCfg = Release|Any CPU
		{571B42D5-F890-4632-9421-66F6C5A6B6BB}.Release|Any CPU.Build.0 = Release|Any CPU
		{ED84C96D-3DC4-41BF-8D1B-647A9998ADD9}.Debug|Any CPU.ActiveCfg = Debug|Any CPU
		{ED84C96D-3DC4-41BF-8D1B-647A9998ADD9}.Debug|Any CPU.Build.0 = Debug|Any CPU
		{ED84C96D-3DC4-41BF-8D1B-647A9998ADD9}.Release|Any CPU.ActiveCfg = Release|Any CPU
		{ED84C96D-3DC4-41BF-8D1B-647A9998ADD9}.Release|Any CPU.Build.0 = Release|Any CPU
		{5CA46839-EC7A-4DAF-8568-B3667B116067}.Debug|Any CPU.ActiveCfg = Debug|Any CPU
		{5CA46839-EC7A-4DAF-8568-B3667B116067}.Debug|Any CPU.Build.0 = Debug|Any CPU
		{5CA46839-EC7A-4DAF-8568-B3667B116067}.Release|Any CPU.ActiveCfg = Release|Any CPU
		{5CA46839-EC7A-4DAF-8568-B3667B116067}.Release|Any CPU.Build.0 = Release|Any CPU
	EndGlobalSection
	GlobalSection(SolutionProperties) = preSolution
		HideSolutionNode = FALSE
	EndGlobalSection
	GlobalSection(ExtensibilityGlobals) = postSolution
		SolutionGuid = {52A12885-D3ED-420C-9901-82C3025BDCD9}
	EndGlobalSection
EndGlobal
